// !$*UTF8*$!
{
	archiveVersion = 1;
	classes = {
	};
	objectVersion = 46;
	objects = {

/* Begin PBXBuildFile section */
		BC29EA7519F11A6900958871 /* Foundation.framework in Frameworks */ = {isa = PBXBuildFile; fileRef = BC29EA7419F11A6900958871 /* Foundation.framework */; };
		BC29EA7719F11A6900958871 /* CoreGraphics.framework in Frameworks */ = {isa = PBXBuildFile; fileRef = BC29EA7619F11A6900958871 /* CoreGraphics.framework */; };
		BC29EA7919F11A6900958871 /* UIKit.framework in Frameworks */ = {isa = PBXBuildFile; fileRef = BC29EA7819F11A6900958871 /* UIKit.framework */; };
		BC29EA7F19F11A6900958871 /* InfoPlist.strings in Resources */ = {isa = PBXBuildFile; fileRef = BC29EA7D19F11A6900958871 /* InfoPlist.strings */; };
		BC29EA8119F11A6900958871 /* main.m in Sources */ = {isa = PBXBuildFile; fileRef = BC29EA8019F11A6900958871 /* main.m */; };
		BC29EA8519F11A6900958871 /* AppDelegate.m in Sources */ = {isa = PBXBuildFile; fileRef = BC29EA8419F11A6900958871 /* AppDelegate.m */; };
		BC29EA8719F11A6900958871 /* Images.xcassets in Resources */ = {isa = PBXBuildFile; fileRef = BC29EA8619F11A6900958871 /* Images.xcassets */; };
		BC29EA8E19F11A6900958871 /* XCTest.framework in Frameworks */ = {isa = PBXBuildFile; fileRef = BC29EA8D19F11A6900958871 /* XCTest.framework */; };
		BC29EA8F19F11A6900958871 /* Foundation.framework in Frameworks */ = {isa = PBXBuildFile; fileRef = BC29EA7419F11A6900958871 /* Foundation.framework */; };
		BC29EA9019F11A6900958871 /* UIKit.framework in Frameworks */ = {isa = PBXBuildFile; fileRef = BC29EA7819F11A6900958871 /* UIKit.framework */; };
		BC29EA9819F11A6900958871 /* InfoPlist.strings in Resources */ = {isa = PBXBuildFile; fileRef = BC29EA9619F11A6900958871 /* InfoPlist.strings */; };
		BC29EA9A19F11A6900958871 /* TestTenBlogTests.m in Sources */ = {isa = PBXBuildFile; fileRef = BC29EA9919F11A6900958871 /* TestTenBlogTests.m */; };
		BC792FFD19F49BCB005668B3 /* libTCWeiboSDK.a in Frameworks */ = {isa = PBXBuildFile; fileRef = BC792FFA19F49BCB005668B3 /* libTCWeiboSDK.a */; };
		BC79300719F4B003005668B3 /* ViewController.m in Sources */ = {isa = PBXBuildFile; fileRef = BC79300519F4B003005668B3 /* ViewController.m */; };
		BC79300819F4B003005668B3 /* ViewController.xib in Resources */ = {isa = PBXBuildFile; fileRef = BC79300619F4B003005668B3 /* ViewController.xib */; };
		BC79300A19F4B47B005668B3 /* Security.framework in Frameworks */ = {isa = PBXBuildFile; fileRef = BC79300919F4B47B005668B3 /* Security.framework */; };
		BC79300C19F4B481005668B3 /* Accounts.framework in Frameworks */ = {isa = PBXBuildFile; fileRef = BC79300B19F4B481005668B3 /* Accounts.framework */; };
		BC79300E19F4B488005668B3 /* Social.framework in Frameworks */ = {isa = PBXBuildFile; fileRef = BC79300D19F4B488005668B3 /* Social.framework */; };
		BC963B2519F528C100AC62B1 /* DataModel.m in Sources */ = {isa = PBXBuildFile; fileRef = BC963B2419F528C100AC62B1 /* DataModel.m */; };
		BC963B2919F5298D00AC62B1 /* InfoViewController.m in Sources */ = {isa = PBXBuildFile; fileRef = BC963B2719F5298D00AC62B1 /* InfoViewController.m */; };
		BC963B2A19F5298D00AC62B1 /* InfoViewController.xib in Resources */ = {isa = PBXBuildFile; fileRef = BC963B2819F5298D00AC62B1 /* InfoViewController.xib */; };
		BC963B4019F52F3700AC62B1 /* LICENSE in Resources */ = {isa = PBXBuildFile; fileRef = BC963B2C19F52F3700AC62B1 /* LICENSE */; };
		BC963B4119F52F3700AC62B1 /* README.md in Resources */ = {isa = PBXBuildFile; fileRef = BC963B2D19F52F3700AC62B1 /* README.md */; };
		BC963B4219F52F3700AC62B1 /* SDImageCache.m in Sources */ = {isa = PBXBuildFile; fileRef = BC963B2F19F52F3700AC62B1 /* SDImageCache.m */; settings = {COMPILER_FLAGS = "-fno-objc-arc"; }; };
		BC963B4319F52F3700AC62B1 /* SDWebImageDecoder.m in Sources */ = {isa = PBXBuildFile; fileRef = BC963B3319F52F3700AC62B1 /* SDWebImageDecoder.m */; settings = {COMPILER_FLAGS = "-fno-objc-arc"; }; };
		BC963B4419F52F3700AC62B1 /* SDWebImageDownloader.m in Sources */ = {isa = PBXBuildFile; fileRef = BC963B3519F52F3700AC62B1 /* SDWebImageDownloader.m */; settings = {COMPILER_FLAGS = "-fno-objc-arc"; }; };
		BC963B4519F52F3700AC62B1 /* SDWebImageManager.m in Sources */ = {isa = PBXBuildFile; fileRef = BC963B3819F52F3700AC62B1 /* SDWebImageManager.m */; settings = {COMPILER_FLAGS = "-fno-objc-arc"; }; };
		BC963B4619F52F3700AC62B1 /* SDWebImagePrefetcher.m in Sources */ = {isa = PBXBuildFile; fileRef = BC963B3B19F52F3700AC62B1 /* SDWebImagePrefetcher.m */; settings = {COMPILER_FLAGS = "-fno-objc-arc"; }; };
		BC963B4719F52F3700AC62B1 /* UIButton+WebCache.m in Sources */ = {isa = PBXBuildFile; fileRef = BC963B3D19F52F3700AC62B1 /* UIButton+WebCache.m */; settings = {COMPILER_FLAGS = "-fno-objc-arc"; }; };
		BC963B4819F52F3700AC62B1 /* UIImageView+WebCache.m in Sources */ = {isa = PBXBuildFile; fileRef = BC963B3F19F52F3700AC62B1 /* UIImageView+WebCache.m */; settings = {COMPILER_FLAGS = "-fno-objc-arc"; }; };
		BC963B4A19F536A700AC62B1 /* img.jpg in Resources */ = {isa = PBXBuildFile; fileRef = BC963B4919F536A700AC62B1 /* img.jpg */; };
/* End PBXBuildFile section */

/* Begin PBXContainerItemProxy section */
		BC29EA9119F11A6900958871 /* PBXContainerItemProxy */ = {
			isa = PBXContainerItemProxy;
			containerPortal = BC29EA6919F11A6900958871 /* Project object */;
			proxyType = 1;
			remoteGlobalIDString = BC29EA7019F11A6900958871;
			remoteInfo = TestTenBlog;
		};
/* End PBXContainerItemProxy section */

/* Begin PBXFileReference section */
		BC29EA7119F11A6900958871 /* TestTenBlog.app */ = {isa = PBXFileReference; explicitFileType = wrapper.application; includeInIndex = 0; path = TestTenBlog.app; sourceTree = BUILT_PRODUCTS_DIR; };
		BC29EA7419F11A6900958871 /* Foundation.framework */ = {isa = PBXFileReference; lastKnownFileType = wrapper.framework; name = Foundation.framework; path = System/Library/Frameworks/Foundation.framework; sourceTree = SDKROOT; };
		BC29EA7619F11A6900958871 /* CoreGraphics.framework */ = {isa = PBXFileReference; lastKnownFileType = wrapper.framework; name = CoreGraphics.framework; path = System/Library/Frameworks/CoreGraphics.framework; sourceTree = SDKROOT; };
		BC29EA7819F11A6900958871 /* UIKit.framework */ = {isa = PBXFileReference; lastKnownFileType = wrapper.framework; name = UIKit.framework; path = System/Library/Frameworks/UIKit.framework; sourceTree = SDKROOT; };
		BC29EA7C19F11A6900958871 /* TestTenBlog-Info.plist */ = {isa = PBXFileReference; lastKnownFileType = text.plist.xml; path = "TestTenBlog-Info.plist"; sourceTree = "<group>"; };
		BC29EA7E19F11A6900958871 /* en */ = {isa = PBXFileReference; lastKnownFileType = text.plist.strings; name = en; path = en.lproj/InfoPlist.strings; sourceTree = "<group>"; };
		BC29EA8019F11A6900958871 /* main.m */ = {isa = PBXFileReference; lastKnownFileType = sourcecode.c.objc; path = main.m; sourceTree = "<group>"; };
		BC29EA8219F11A6900958871 /* TestTenBlog-Prefix.pch */ = {isa = PBXFileReference; lastKnownFileType = sourcecode.c.h; path = "TestTenBlog-Prefix.pch"; sourceTree = "<group>"; };
		BC29EA8319F11A6900958871 /* AppDelegate.h */ = {isa = PBXFileReference; lastKnownFileType = sourcecode.c.h; path = AppDelegate.h; sourceTree = "<group>"; };
		BC29EA8419F11A6900958871 /* AppDelegate.m */ = {isa = PBXFileReference; lastKnownFileType = sourcecode.c.objc; path = AppDelegate.m; sourceTree = "<group>"; };
		BC29EA8619F11A6900958871 /* Images.xcassets */ = {isa = PBXFileReference; lastKnownFileType = folder.assetcatalog; path = Images.xcassets; sourceTree = "<group>"; };
		BC29EA8C19F11A6900958871 /* TestTenBlogTests.xctest */ = {isa = PBXFileReference; explicitFileType = wrapper.cfbundle; includeInIndex = 0; path = TestTenBlogTests.xctest; sourceTree = BUILT_PRODUCTS_DIR; };
		BC29EA8D19F11A6900958871 /* XCTest.framework */ = {isa = PBXFileReference; lastKnownFileType = wrapper.framework; name = XCTest.framework; path = Library/Frameworks/XCTest.framework; sourceTree = DEVELOPER_DIR; };
		BC29EA9519F11A6900958871 /* TestTenBlogTests-Info.plist */ = {isa = PBXFileReference; lastKnownFileType = text.plist.xml; path = "TestTenBlogTests-Info.plist"; sourceTree = "<group>"; };
		BC29EA9719F11A6900958871 /* en */ = {isa = PBXFileReference; lastKnownFileType = text.plist.strings; name = en; path = en.lproj/InfoPlist.strings; sourceTree = "<group>"; };
		BC29EA9919F11A6900958871 /* TestTenBlogTests.m */ = {isa = PBXFileReference; lastKnownFileType = sourcecode.c.objc; path = TestTenBlogTests.m; sourceTree = "<group>"; };
		BC792FFA19F49BCB005668B3 /* libTCWeiboSDK.a */ = {isa = PBXFileReference; lastKnownFileType = archive.ar; path = libTCWeiboSDK.a; sourceTree = "<group>"; };
		BC792FFB19F49BCB005668B3 /* WeiboApi.h */ = {isa = PBXFileReference; fileEncoding = 4; lastKnownFileType = sourcecode.c.h; path = WeiboApi.h; sourceTree = "<group>"; };
		BC792FFC19F49BCB005668B3 /* WeiboApiObject.h */ = {isa = PBXFileReference; fileEncoding = 4; lastKnownFileType = sourcecode.c.h; path = WeiboApiObject.h; sourceTree = "<group>"; };
		BC79300319F4AB0D005668B3 /* constant.h */ = {isa = PBXFileReference; lastKnownFileType = sourcecode.c.h; path = constant.h; sourceTree = "<group>"; };
		BC79300419F4B003005668B3 /* ViewController.h */ = {isa = PBXFileReference; fileEncoding = 4; lastKnownFileType = sourcecode.c.h; path = ViewController.h; sourceTree = "<group>"; };
		BC79300519F4B003005668B3 /* ViewController.m */ = {isa = PBXFileReference; fileEncoding = 4; lastKnownFileType = sourcecode.c.objc; path = ViewController.m; sourceTree = "<group>"; };
		BC79300619F4B003005668B3 /* ViewController.xib */ = {isa = PBXFileReference; fileEncoding = 4; lastKnownFileType = file.xib; path = ViewController.xib; sourceTree = "<group>"; };
		BC79300919F4B47B005668B3 /* Security.framework */ = {isa = PBXFileReference; lastKnownFileType = wrapper.framework; name = Security.framework; path = System/Library/Frameworks/Security.framework; sourceTree = SDKROOT; };
		BC79300B19F4B481005668B3 /* Accounts.framework */ = {isa = PBXFileReference; lastKnownFileType = wrapper.framework; name = Accounts.framework; path = System/Library/Frameworks/Accounts.framework; sourceTree = SDKROOT; };
		BC79300D19F4B488005668B3 /* Social.framework */ = {isa = PBXFileReference; lastKnownFileType = wrapper.framework; name = Social.framework; path = System/Library/Frameworks/Social.framework; sourceTree = SDKROOT; };
		BC963B2319F528C100AC62B1 /* DataModel.h */ = {isa = PBXFileReference; fileEncoding = 4; lastKnownFileType = sourcecode.c.h; path = DataModel.h; sourceTree = "<group>"; };
		BC963B2419F528C100AC62B1 /* DataModel.m */ = {isa = PBXFileReference; fileEncoding = 4; lastKnownFileType = sourcecode.c.objc; path = DataModel.m; sourceTree = "<group>"; };
		BC963B2619F5298D00AC62B1 /* InfoViewController.h */ = {isa = PBXFileReference; fileEncoding = 4; lastKnownFileType = sourcecode.c.h; path = InfoViewController.h; sourceTree = "<group>"; };
		BC963B2719F5298D00AC62B1 /* InfoViewController.m */ = {isa = PBXFileReference; fileEncoding = 4; lastKnownFileType = sourcecode.c.objc; path = InfoViewController.m; sourceTree = "<group>"; };
		BC963B2819F5298D00AC62B1 /* InfoViewController.xib */ = {isa = PBXFileReference; fileEncoding = 4; lastKnownFileType = file.xib; path = InfoViewController.xib; sourceTree = "<group>"; };
		BC963B2C19F52F3700AC62B1 /* LICENSE */ = {isa = PBXFileReference; fileEncoding = 4; lastKnownFileType = text; path = LICENSE; sourceTree = "<group>"; };
		BC963B2D19F52F3700AC62B1 /* README.md */ = {isa = PBXFileReference; fileEncoding = 4; lastKnownFileType = text; path = README.md; sourceTree = "<group>"; };
		BC963B2E19F52F3700AC62B1 /* SDImageCache.h */ = {isa = PBXFileReference; fileEncoding = 4; lastKnownFileType = sourcecode.c.h; path = SDImageCache.h; sourceTree = "<group>"; };
		BC963B2F19F52F3700AC62B1 /* SDImageCache.m */ = {isa = PBXFileReference; fileEncoding = 4; lastKnownFileType = sourcecode.c.objc; path = SDImageCache.m; sourceTree = "<group>"; };
		BC963B3019F52F3700AC62B1 /* SDImageCacheDelegate.h */ = {isa = PBXFileReference; fileEncoding = 4; lastKnownFileType = sourcecode.c.h; path = SDImageCacheDelegate.h; sourceTree = "<group>"; };
		BC963B3119F52F3700AC62B1 /* SDWebImageCompat.h */ = {isa = PBXFileReference; fileEncoding = 4; lastKnownFileType = sourcecode.c.h; path = SDWebImageCompat.h; sourceTree = "<group>"; };
		BC963B3219F52F3700AC62B1 /* SDWebImageDecoder.h */ = {isa = PBXFileReference; fileEncoding = 4; lastKnownFileType = sourcecode.c.h; path = SDWebImageDecoder.h; sourceTree = "<group>"; };
		BC963B3319F52F3700AC62B1 /* SDWebImageDecoder.m */ = {isa = PBXFileReference; fileEncoding = 4; lastKnownFileType = sourcecode.c.objc; path = SDWebImageDecoder.m; sourceTree = "<group>"; };
		BC963B3419F52F3700AC62B1 /* SDWebImageDownloader.h */ = {isa = PBXFileReference; fileEncoding = 4; lastKnownFileType = sourcecode.c.h; path = SDWebImageDownloader.h; sourceTree = "<group>"; };
		BC963B3519F52F3700AC62B1 /* SDWebImageDownloader.m */ = {isa = PBXFileReference; fileEncoding = 4; lastKnownFileType = sourcecode.c.objc; path = SDWebImageDownloader.m; sourceTree = "<group>"; };
		BC963B3619F52F3700AC62B1 /* SDWebImageDownloaderDelegate.h */ = {isa = PBXFileReference; fileEncoding = 4; lastKnownFileType = sourcecode.c.h; path = SDWebImageDownloaderDelegate.h; sourceTree = "<group>"; };
		BC963B3719F52F3700AC62B1 /* SDWebImageManager.h */ = {isa = PBXFileReference; fileEncoding = 4; lastKnownFileType = sourcecode.c.h; path = SDWebImageManager.h; sourceTree = "<group>"; };
		BC963B3819F52F3700AC62B1 /* SDWebImageManager.m */ = {isa = PBXFileReference; fileEncoding = 4; lastKnownFileType = sourcecode.c.objc; path = SDWebImageManager.m; sourceTree = "<group>"; };
		BC963B3919F52F3700AC62B1 /* SDWebImageManagerDelegate.h */ = {isa = PBXFileReference; fileEncoding = 4; lastKnownFileType = sourcecode.c.h; path = SDWebImageManagerDelegate.h; sourceTree = "<group>"; };
		BC963B3A19F52F3700AC62B1 /* SDWebImagePrefetcher.h */ = {isa = PBXFileReference; fileEncoding = 4; lastKnownFileType = sourcecode.c.h; path = SDWebImagePrefetcher.h; sourceTree = "<group>"; };
		BC963B3B19F52F3700AC62B1 /* SDWebImagePrefetcher.m */ = {isa = PBXFileReference; fileEncoding = 4; lastKnownFileType = sourcecode.c.objc; path = SDWebImagePrefetcher.m; sourceTree = "<group>"; };
		BC963B3C19F52F3700AC62B1 /* UIButton+WebCache.h */ = {isa = PBXFileReference; fileEncoding = 4; lastKnownFileType = sourcecode.c.h; path = "UIButton+WebCache.h"; sourceTree = "<group>"; };
		BC963B3D19F52F3700AC62B1 /* UIButton+WebCache.m */ = {isa = PBXFileReference; fileEncoding = 4; lastKnownFileType = sourcecode.c.objc; path = "UIButton+WebCache.m"; sourceTree = "<group>"; };
		BC963B3E19F52F3700AC62B1 /* UIImageView+WebCache.h */ = {isa = PBXFileReference; fileEncoding = 4; lastKnownFileType = sourcecode.c.h; path = "UIImageView+WebCache.h"; sourceTree = "<group>"; };
		BC963B3F19F52F3700AC62B1 /* UIImageView+WebCache.m */ = {isa = PBXFileReference; fileEncoding = 4; lastKnownFileType = sourcecode.c.objc; path = "UIImageView+WebCache.m"; sourceTree = "<group>"; };
		BC963B4919F536A700AC62B1 /* img.jpg */ = {isa = PBXFileReference; lastKnownFileType = image.jpeg; path = img.jpg; sourceTree = "<group>"; };
/* End PBXFileReference section */

/* Begin PBXFrameworksBuildPhase section */
		BC29EA6E19F11A6900958871 /* Frameworks */ = {
			isa = PBXFrameworksBuildPhase;
			buildActionMask = 2147483647;
			files = (
				BC79300E19F4B488005668B3 /* Social.framework in Frameworks */,
				BC79300C19F4B481005668B3 /* Accounts.framework in Frameworks */,
				BC79300A19F4B47B005668B3 /* Security.framework in Frameworks */,
				BC792FFD19F49BCB005668B3 /* libTCWeiboSDK.a in Frameworks */,
				BC29EA7719F11A6900958871 /* CoreGraphics.framework in Frameworks */,
				BC29EA7919F11A6900958871 /* UIKit.framework in Frameworks */,
				BC29EA7519F11A6900958871 /* Foundation.framework in Frameworks */,
			);
			runOnlyForDeploymentPostprocessing = 0;
		};
		BC29EA8919F11A6900958871 /* Frameworks */ = {
			isa = PBXFrameworksBuildPhase;
			buildActionMask = 2147483647;
			files = (
				BC29EA8E19F11A6900958871 /* XCTest.framework in Frameworks */,
				BC29EA9019F11A6900958871 /* UIKit.framework in Frameworks */,
				BC29EA8F19F11A6900958871 /* Foundation.framework in Frameworks */,
			);
			runOnlyForDeploymentPostprocessing = 0;
		};
/* End PBXFrameworksBuildPhase section */

/* Begin PBXGroup section */
		BC29EA6819F11A6900958871 = {
			isa = PBXGroup;
			children = (
				BC963B4919F536A700AC62B1 /* img.jpg */,
				BC963B2B19F52F3700AC62B1 /* SDWebImage */,
				BC963B2319F528C100AC62B1 /* DataModel.h */,
				BC963B2419F528C100AC62B1 /* DataModel.m */,
				BC79300319F4AB0D005668B3 /* constant.h */,
				BC963B2619F5298D00AC62B1 /* InfoViewController.h */,
				BC963B2719F5298D00AC62B1 /* InfoViewController.m */,
				BC963B2819F5298D00AC62B1 /* InfoViewController.xib */,
				BC79300419F4B003005668B3 /* ViewController.h */,
				BC79300519F4B003005668B3 /* ViewController.m */,
				BC79300619F4B003005668B3 /* ViewController.xib */,
				BC29EA7A19F11A6900958871 /* TestTenBlog */,
				BC29EA9319F11A6900958871 /* TestTenBlogTests */,
				BC29EA7319F11A6900958871 /* Frameworks */,
				BC29EA7219F11A6900958871 /* Products */,
			);
			sourceTree = "<group>";
		};
		BC29EA7219F11A6900958871 /* Products */ = {
			isa = PBXGroup;
			children = (
				BC29EA7119F11A6900958871 /* TestTenBlog.app */,
				BC29EA8C19F11A6900958871 /* TestTenBlogTests.xctest */,
			);
			name = Products;
			sourceTree = "<group>";
		};
		BC29EA7319F11A6900958871 /* Frameworks */ = {
			isa = PBXGroup;
			children = (
				BC79300D19F4B488005668B3 /* Social.framework */,
				BC79300B19F4B481005668B3 /* Accounts.framework */,
				BC79300919F4B47B005668B3 /* Security.framework */,
				BC29EA7419F11A6900958871 /* Foundation.framework */,
				BC29EA7619F11A6900958871 /* CoreGraphics.framework */,
				BC29EA7819F11A6900958871 /* UIKit.framework */,
				BC29EA8D19F11A6900958871 /* XCTest.framework */,
			);
			name = Frameworks;
			sourceTree = "<group>";
		};
		BC29EA7A19F11A6900958871 /* TestTenBlog */ = {
			isa = PBXGroup;
			children = (
				BC29EA8319F11A6900958871 /* AppDelegate.h */,
				BC29EA8419F11A6900958871 /* AppDelegate.m */,
				BC792FFE19F49BD3005668B3 /* TCWeiboSDK */,
				BC29EA8619F11A6900958871 /* Images.xcassets */,
				BC29EA7B19F11A6900958871 /* Supporting Files */,
			);
			path = TestTenBlog;
			sourceTree = "<group>";
		};
		BC29EA7B19F11A6900958871 /* Supporting Files */ = {
			isa = PBXGroup;
			children = (
				BC29EA7C19F11A6900958871 /* TestTenBlog-Info.plist */,
				BC29EA7D19F11A6900958871 /* InfoPlist.strings */,
				BC29EA8019F11A6900958871 /* main.m */,
				BC29EA8219F11A6900958871 /* TestTenBlog-Prefix.pch */,
			);
			name = "Supporting Files";
			sourceTree = "<group>";
		};
		BC29EA9319F11A6900958871 /* TestTenBlogTests */ = {
			isa = PBXGroup;
			children = (
				BC29EA9919F11A6900958871 /* TestTenBlogTests.m */,
				BC29EA9419F11A6900958871 /* Supporting Files */,
			);
			path = TestTenBlogTests;
			sourceTree = "<group>";
		};
		BC29EA9419F11A6900958871 /* Supporting Files */ = {
			isa = PBXGroup;
			children = (
				BC29EA9519F11A6900958871 /* TestTenBlogTests-Info.plist */,
				BC29EA9619F11A6900958871 /* InfoPlist.strings */,
			);
			name = "Supporting Files";
			sourceTree = "<group>";
		};
		BC792FFE19F49BD3005668B3 /* TCWeiboSDK */ = {
			isa = PBXGroup;
			children = (
				BC792FFA19F49BCB005668B3 /* libTCWeiboSDK.a */,
				BC792FFB19F49BCB005668B3 /* WeiboApi.h */,
				BC792FFC19F49BCB005668B3 /* WeiboApiObject.h */,
			);
			name = TCWeiboSDK;
			sourceTree = "<group>";
		};
		BC963B2B19F52F3700AC62B1 /* SDWebImage */ = {
			isa = PBXGroup;
			children = (
				BC963B2C19F52F3700AC62B1 /* LICENSE */,
				BC963B2D19F52F3700AC62B1 /* README.md */,
				BC963B2E19F52F3700AC62B1 /* SDImageCache.h */,
				BC963B2F19F52F3700AC62B1 /* SDImageCache.m */,
				BC963B3019F52F3700AC62B1 /* SDImageCacheDelegate.h */,
				BC963B3119F52F3700AC62B1 /* SDWebImageCompat.h */,
				BC963B3219F52F3700AC62B1 /* SDWebImageDecoder.h */,
				BC963B3319F52F3700AC62B1 /* SDWebImageDecoder.m */,
				BC963B3419F52F3700AC62B1 /* SDWebImageDownloader.h */,
				BC963B3519F52F3700AC62B1 /* SDWebImageDownloader.m */,
				BC963B3619F52F3700AC62B1 /* SDWebImageDownloaderDelegate.h */,
				BC963B3719F52F3700AC62B1 /* SDWebImageManager.h */,
				BC963B3819F52F3700AC62B1 /* SDWebImageManager.m */,
				BC963B3919F52F3700AC62B1 /* SDWebImageManagerDelegate.h */,
				BC963B3A19F52F3700AC62B1 /* SDWebImagePrefetcher.h */,
				BC963B3B19F52F3700AC62B1 /* SDWebImagePrefetcher.m */,
				BC963B3C19F52F3700AC62B1 /* UIButton+WebCache.h */,
				BC963B3D19F52F3700AC62B1 /* UIButton+WebCache.m */,
				BC963B3E19F52F3700AC62B1 /* UIImageView+WebCache.h */,
				BC963B3F19F52F3700AC62B1 /* UIImageView+WebCache.m */,
			);
			path = SDWebImage;
			sourceTree = "<group>";
		};
/* End PBXGroup section */

/* Begin PBXNativeTarget section */
		BC29EA7019F11A6900958871 /* TestTenBlog */ = {
			isa = PBXNativeTarget;
			buildConfigurationList = BC29EA9D19F11A6900958871 /* Build configuration list for PBXNativeTarget "TestTenBlog" */;
			buildPhases = (
				BC29EA6D19F11A6900958871 /* Sources */,
				BC29EA6E19F11A6900958871 /* Frameworks */,
				BC29EA6F19F11A6900958871 /* Resources */,
			);
			buildRules = (
			);
			dependencies = (
			);
			name = TestTenBlog;
			productName = TestTenBlog;
			productReference = BC29EA7119F11A6900958871 /* TestTenBlog.app */;
			productType = "com.apple.product-type.application";
		};
		BC29EA8B19F11A6900958871 /* TestTenBlogTests */ = {
			isa = PBXNativeTarget;
			buildConfigurationList = BC29EAA019F11A6900958871 /* Build configuration list for PBXNativeTarget "TestTenBlogTests" */;
			buildPhases = (
				BC29EA8819F11A6900958871 /* Sources */,
				BC29EA8919F11A6900958871 /* Frameworks */,
				BC29EA8A19F11A6900958871 /* Resources */,
			);
			buildRules = (
			);
			dependencies = (
				BC29EA9219F11A6900958871 /* PBXTargetDependency */,
			);
			name = TestTenBlogTests;
			productName = TestTenBlogTests;
			productReference = BC29EA8C19F11A6900958871 /* TestTenBlogTests.xctest */;
			productType = "com.apple.product-type.bundle.unit-test";
		};
/* End PBXNativeTarget section */

/* Begin PBXProject section */
		BC29EA6919F11A6900958871 /* Project object */ = {
			isa = PBXProject;
			attributes = {
				LastUpgradeCheck = 0510;
				ORGANIZATIONNAME = LittleX;
				TargetAttributes = {
					BC29EA8B19F11A6900958871 = {
						TestTargetID = BC29EA7019F11A6900958871;
					};
				};
			};
			buildConfigurationList = BC29EA6C19F11A6900958871 /* Build configuration list for PBXProject "TestTenBlog" */;
			compatibilityVersion = "Xcode 3.2";
			developmentRegion = English;
			hasScannedForEncodings = 0;
			knownRegions = (
				en,
			);
			mainGroup = BC29EA6819F11A6900958871;
			productRefGroup = BC29EA7219F11A6900958871 /* Products */;
			projectDirPath = "";
			projectRoot = "";
			targets = (
				BC29EA7019F11A6900958871 /* TestTenBlog */,
				BC29EA8B19F11A6900958871 /* TestTenBlogTests */,
			);
		};
/* End PBXProject section */

/* Begin PBXResourcesBuildPhase section */
		BC29EA6F19F11A6900958871 /* Resources */ = {
			isa = PBXResourcesBuildPhase;
			buildActionMask = 2147483647;
			files = (
				BC963B4119F52F3700AC62B1 /* README.md in Resources */,
				BC29EA7F19F11A6900958871 /* InfoPlist.strings in Resources */,
				BC79300819F4B003005668B3 /* ViewController.xib in Resources */,
				BC963B2A19F5298D00AC62B1 /* InfoViewController.xib in Resources */,
				BC963B4A19F536A700AC62B1 /* img.jpg in Resources */,
				BC29EA8719F11A6900958871 /* Images.xcassets in Resources */,
				BC963B4019F52F3700AC62B1 /* LICENSE in Resources */,
			);
			runOnlyForDeploymentPostprocessing = 0;
		};
		BC29EA8A19F11A6900958871 /* Resources */ = {
			isa = PBXResourcesBuildPhase;
			buildActionMask = 2147483647;
			files = (
				BC29EA9819F11A6900958871 /* InfoPlist.strings in Resources */,
			);
			runOnlyForDeploymentPostprocessing = 0;
		};
/* End PBXResourcesBuildPhase section */

/* Begin PBXSourcesBuildPhase section */
		BC29EA6D19F11A6900958871 /* Sources */ = {
			isa = PBXSourcesBuildPhase;
			buildActionMask = 2147483647;
			files = (
				BC963B4419F52F3700AC62B1 /* SDWebImageDownloader.m in Sources */,
				BC963B4619F52F3700AC62B1 /* SDWebImagePrefetcher.m in Sources */,
				BC963B4819F52F3700AC62B1 /* UIImageView+WebCache.m in Sources */,
				BC963B4319F52F3700AC62B1 /* SDWebImageDecoder.m in Sources */,
				BC963B4719F52F3700AC62B1 /* UIButton+WebCache.m in Sources */,
				BC79300719F4B003005668B3 /* ViewController.m in Sources */,
				BC963B4519F52F3700AC62B1 /* SDWebImageManager.m in Sources */,
				BC963B4219F52F3700AC62B1 /* SDImageCache.m in Sources */,
				BC963B2519F528C100AC62B1 /* DataModel.m in Sources */,
				BC29EA8519F11A6900958871 /* AppDelegate.m in Sources */,
				BC963B2919F5298D00AC62B1 /* InfoViewController.m in Sources */,
				BC29EA8119F11A6900958871 /* main.m in Sources */,
			);
			runOnlyForDeploymentPostprocessing = 0;
		};
		BC29EA8819F11A6900958871 /* Sources */ = {
			isa = PBXSourcesBuildPhase;
			buildActionMask = 2147483647;
			files = (
				BC29EA9A19F11A6900958871 /* TestTenBlogTests.m in Sources */,
			);
			runOnlyForDeploymentPostprocessing = 0;
		};
/* End PBXSourcesBuildPhase section */

/* Begin PBXTargetDependency section */
		BC29EA9219F11A6900958871 /* PBXTargetDependency */ = {
			isa = PBXTargetDependency;
			target = BC29EA7019F11A6900958871 /* TestTenBlog */;
			targetProxy = BC29EA9119F11A6900958871 /* PBXContainerItemProxy */;
		};
/* End PBXTargetDependency section */

/* Begin PBXVariantGroup section */
		BC29EA7D19F11A6900958871 /* InfoPlist.strings */ = {
			isa = PBXVariantGroup;
			children = (
				BC29EA7E19F11A6900958871 /* en */,
			);
			name = InfoPlist.strings;
			sourceTree = "<group>";
		};
		BC29EA9619F11A6900958871 /* InfoPlist.strings */ = {
			isa = PBXVariantGroup;
			children = (
				BC29EA9719F11A6900958871 /* en */,
			);
			name = InfoPlist.strings;
			sourceTree = "<group>";
		};
/* End PBXVariantGroup section */

/* Begin XCBuildConfiguration section */
		BC29EA9B19F11A6900958871 /* Debug */ = {
			isa = XCBuildConfiguration;
			buildSettings = {
				ALWAYS_SEARCH_USER_PATHS = NO;
				CLANG_CXX_LANGUAGE_STANDARD = "gnu++0x";
				CLANG_CXX_LIBRARY = "libc++";
				CLANG_ENABLE_MODULES = YES;
				CLANG_ENABLE_OBJC_ARC = YES;
				CLANG_WARN_BOOL_CONVERSION = YES;
				CLANG_WARN_CONSTANT_CONVERSION = YES;
				CLANG_WARN_DIRECT_OBJC_ISA_USAGE = YES_ERROR;
				CLANG_WARN_EMPTY_BODY = YES;
				CLANG_WARN_ENUM_CONVERSION = YES;
				CLANG_WARN_INT_CONVERSION = YES;
				CLANG_WARN_OBJC_ROOT_CLASS = YES_ERROR;
				CLANG_WARN__DUPLICATE_METHOD_MATCH = YES;
				"CODE_SIGN_IDENTITY[sdk=iphoneos*]" = "iPhone Developer";
				COPY_PHASE_STRIP = NO;
				GCC_C_LANGUAGE_STANDARD = gnu99;
				GCC_DYNAMIC_NO_PIC = NO;
				GCC_OPTIMIZATION_LEVEL = 0;
				GCC_PREPROCESSOR_DEFINITIONS = (
					"DEBUG=1",
					"$(inherited)",
				);
				GCC_SYMBOLS_PRIVATE_EXTERN = NO;
				GCC_WARN_64_TO_32_BIT_CONVERSION = YES;
				GCC_WARN_ABOUT_RETURN_TYPE = YES_ERROR;
				GCC_WARN_UNDECLARED_SELECTOR = YES;
				GCC_WARN_UNINITIALIZED_AUTOS = YES_AGGRESSIVE;
				GCC_WARN_UNUSED_FUNCTION = YES;
				GCC_WARN_UNUSED_VARIABLE = YES;
				IPHONEOS_DEPLOYMENT_TARGET = 7.1;
				ONLY_ACTIVE_ARCH = YES;
				SDKROOT = iphoneos;
			};
			name = Debug;
		};
		BC29EA9C19F11A6900958871 /* Release */ = {
			isa = XCBuildConfiguration;
			buildSettings = {
				ALWAYS_SEARCH_USER_PATHS = NO;
				CLANG_CXX_LANGUAGE_STANDARD = "gnu++0x";
				CLANG_CXX_LIBRARY = "libc++";
				CLANG_ENABLE_MODULES = YES;
				CLANG_ENABLE_OBJC_ARC = YES;
				CLANG_WARN_BOOL_CONVERSION = YES;
				CLANG_WARN_CONSTANT_CONVERSION = YES;
				CLANG_WARN_DIRECT_OBJC_ISA_USAGE = YES_ERROR;
				CLANG_WARN_EMPTY_BODY = YES;
				CLANG_WARN_ENUM_CONVERSION = YES;
				CLANG_WARN_INT_CONVERSION = YES;
				CLANG_WARN_OBJC_ROOT_CLASS = YES_ERROR;
				CLANG_WARN__DUPLICATE_METHOD_MATCH = YES;
				"CODE_SIGN_IDENTITY[sdk=iphoneos*]" = "iPhone Developer";
				COPY_PHASE_STRIP = YES;
				ENABLE_NS_ASSERTIONS = NO;
				GCC_C_LANGUAGE_STANDARD = gnu99;
				GCC_WARN_64_TO_32_BIT_CONVERSION = YES;
				GCC_WARN_ABOUT_RETURN_TYPE = YES_ERROR;
				GCC_WARN_UNDECLARED_SELECTOR = YES;
				GCC_WARN_UNINITIALIZED_AUTOS = YES_AGGRESSIVE;
				GCC_WARN_UNUSED_FUNCTION = YES;
				GCC_WARN_UNUSED_VARIABLE = YES;
				IPHONEOS_DEPLOYMENT_TARGET = 7.1;
				SDKROOT = iphoneos;
				VALIDATE_PRODUCT = YES;
			};
			name = Release;
		};
		BC29EA9E19F11A6900958871 /* Debug */ = {
			isa = XCBuildConfiguration;
			buildSettings = {
				ASSETCATALOG_COMPILER_APPICON_NAME = AppIcon;
				ASSETCATALOG_COMPILER_LAUNCHIMAGE_NAME = LaunchImage;
				GCC_PRECOMPILE_PREFIX_HEADER = YES;
				GCC_PREFIX_HEADER = "TestTenBlog/TestTenBlog-Prefix.pch";
				INFOPLIST_FILE = "TestTenBlog/TestTenBlog-Info.plist";
				LIBRARY_SEARCH_PATHS = (
					"$(inherited)",
					"$(PROJECT_DIR)/TestTenBlog",
				);
				PRODUCT_NAME = "$(TARGET_NAME)";
				WRAPPER_EXTENSION = app;
			};
			name = Debug;
		};
		BC29EA9F19F11A6900958871 /* Release */ = {
			isa = XCBuildConfiguration;
			buildSettings = {
				ASSETCATALOG_COMPILER_APPICON_NAME = AppIcon;
				ASSETCATALOG_COMPILER_LAUNCHIMAGE_NAME = LaunchImage;
				GCC_PRECOMPILE_PREFIX_HEADER = YES;
				GCC_PREFIX_HEADER = "TestTenBlog/TestTenBlog-Prefix.pch";
				INFOPLIST_FILE = "TestTenBlog/TestTenBlog-Info.plist";
				LIBRARY_SEARCH_PATHS = (
					"$(inherited)",
					"$(PROJECT_DIR)/TestTenBlog",
				);
				PRODUCT_NAME = "$(TARGET_NAME)";
				WRAPPER_EXTENSION = app;
			};
			name = Release;
		};
		BC29EAA119F11A6900958871 /* Debug */ = {
			isa = XCBuildConfiguration;
			buildSettings = {
				BUNDLE_LOADER = "$(BUILT_PRODUCTS_DIR)/TestTenBlog.app/TestTenBlog";
				FRAMEWORK_SEARCH_PATHS = (
					"$(SDKROOT)/Developer/Library/Frameworks",
					"$(inherited)",
					"$(DEVELOPER_FRAMEWORKS_DIR)",
				);
				GCC_PRECOMPILE_PREFIX_HEADER = YES;
				GCC_PREFIX_HEADER = "TestTenBlog/TestTenBlog-Prefix.pch";
				GCC_PREPROCESSOR_DEFINITIONS = (
					"DEBUG=1",
					"$(inherited)",
				);
				INFOPLIST_FILE = "TestTenBlogTests/TestTenBlogTests-Info.plist";
				PRODUCT_NAME = "$(TARGET_NAME)";
				TEST_HOST = "$(BUNDLE_LOADER)";
				WRAPPER_EXTENSION = xctest;
			};
			name = Debug;
		};
		BC29EAA219F11A6900958871 /* Release */ = {
			isa = XCBuildConfiguration;
			buildSettings = {
				BUNDLE_LOADER = "$(BUILT_PRODUCTS_DIR)/TestTenBlog.app/TestTenBlog";
				FRAMEWORK_SEARCH_PATHS = (
					"$(SDKROOT)/Developer/Library/Frameworks",
					"$(inherited)",
					"$(DEVELOPER_FRAMEWORKS_DIR)",
				);
				GCC_PRECOMPILE_PREFIX_HEADER = YES;
				GCC_PREFIX_HEADER = "TestTenBlog/TestTenBlog-Prefix.pch";
				INFOPLIST_FILE = "TestTenBlogTests/TestTenBlogTests-Info.plist";
				PRODUCT_NAME = "$(TARGET_NAME)";
				TEST_HOST = "$(BUNDLE_LOADER)";
				WRAPPER_EXTENSION = xctest;
			};
			name = Release;
		};
/* End XCBuildConfiguration section */

/* Begin XCConfigurationList section */
		BC29EA6C19F11A6900958871 /* Build configuration list for PBXProject "TestTenBlog" */ = {
			isa = XCConfigurationList;
			buildConfigurations = (
				BC29EA9B19F11A6900958871 /* Debug */,
				BC29EA9C19F11A6900958871 /* Release */,
			);
			defaultConfigurationIsVisible = 0;
			defaultConfigurationName = Release;
		};
		BC29EA9D19F11A6900958871 /* Build configuration list for PBXNativeTarget "TestTenBlog" */ = {
			isa = XCConfigurationList;
			buildConfigurations = (
				BC29EA9E19F11A6900958871 /* Debug */,
				BC29EA9F19F11A6900958871 /* Release */,
			);
			defaultConfigurationIsVisible = 0;
			defaultConfigurationName = Release;
		};
		BC29EAA019F11A6900958871 /* Build configuration list for PBXNativeTarget "TestTenBlogTests" */ = {
			isa = XCConfigurationList;
			buildConfigurations = (
				BC29EAA119F11A6900958871 /* Debug */,
				BC29EAA219F11A6900958871 /* Release */,
			);
			defaultConfigurationIsVisible = 0;
			defaultConfigurationName = Release;
		};
/* End XCConfigurationList section */
	};
	rootObject = BC29EA6919F11A6900958871 /* Project object */;
}
